
Microsoft Visual Studio Solution File, Format Version 12.00
# Visual Studio 14
VisualStudioVersion = 14.0.23107.0
MinimumVisualStudioVersion = 10.0.40219.1
Project("{FAE04EC0-301F-11D3-BF4B-00C04F79EFBC}") = "CodeCoverageGenerationTool", "CodeCoverageGenerationTool\CodeCoverageGenerationTool.csproj", "{EC5A17D4-32C1-42C9-9557-D19E5AA51856}"
EndProject
Project("{2150E333-8FDC-42A3-9474-1A3956D46DE8}") = "Tests", "Tests", "{22A1D799-6550-45CA-BC01-951F0CD2EBCF}"
EndProject
Project("{FAE04EC0-301F-11D3-BF4B-00C04F79EFBC}") = "CodeCoverageGenerationTool.Tests", "CodeCoverageGenerationTool.Tests\CodeCoverageGenerationTool.Tests.csproj", "{A412D35E-0F02-435E-A1D0-4202AEBFFED3}"
EndProject
Global
	GlobalSection(SolutionConfigurationPlatforms) = preSolution
		Debug|Any CPU = Debug|Any CPU
		Release|Any CPU = Release|Any CPU
	EndGlobalSection
	GlobalSection(ProjectConfigurationPlatforms) = postSolution
		{EC5A17D4-32C1-42C9-9557-D19E5AA51856}.Debug|Any CPU.ActiveCfg = Debug|Any CPU
		{EC5A17D4-32C1-42C9-9557-D19E5AA51856}.Debug|Any CPU.Build.0 = Debug|Any CPU
		{EC5A17D4-32C1-42C9-9557-D19E5AA51856}.Release|Any CPU.ActiveCfg = Release|Any CPU
		{EC5A17D4-32C1-42C9-9557-D19E5AA51856}.Release|Any CPU.Build.0 = Release|Any CPU
		{A412D35E-0F02-435E-A1D0-4202AEBFFED3}.Debug|Any CPU.ActiveCfg = Debug|Any CPU
		{A412D35E-0F02-435E-A1D0-4202AEBFFED3}.Debug|Any CPU.Build.0 = Debug|Any CPU
		{A412D35E-0F02-435E-A1D0-4202AEBFFED3}.Release|Any CPU.ActiveCfg = Release|Any CPU
		{A412D35E-0F02-435E-A1D0-4202AEBFFED3}.Release|Any CPU.Build.0 = Release|Any CPU
	EndGlobalSection
	GlobalSection(SolutionProperties) = preSolution
		HideSolutionNode = FALSE
	EndGlobalSection
	GlobalSection(NestedProjects) = preSolution
		{A412D35E-0F02-435E-A1D0-4202AEBFFED3} = {22A1D799-6550-45CA-BC01-951F0CD2EBCF}
	EndGlobalSection
	GlobalSection(TeamFoundationVersionControl) = preSolution
		SccNumberOfProjects = 3
		SccEnterpriseProvider = {4CA58AB2-18FA-4F8D-95D4-32DDF27D184C}
		SccTeamFoundationServer = https://steven2412.visualstudio.com/defaultcollection
		SccLocalPath0 = .
		SccProjectUniqueName1 = CodeCoverageGenerationTool\\CodeCoverageGenerationTool.csproj
		SccProjectName1 = CodeCoverageGenerationTool
		SccLocalPath1 = CodeCoverageGenerationTool
		SccProjectUniqueName2 = CodeCoverageGenerationTool.Tests\\CodeCoverageGenerationTool.Tests.csproj
		SccProjectTopLevelParentUniqueName2 = CodeCoverageGenerationTool.sln
		SccProjectName2 = CodeCoverageGenerationTool.Tests
		SccLocalPath2 = CodeCoverageGenerationTool.Tests
	EndGlobalSection
EndGlobal
